
Microsoft Visual Studio Solution File, Format Version 12.00
# Visual Studio Version 17
VisualStudioVersion = 17.14.37012.4
MinimumVisualStudioVersion = 10.0.40219.1
Project("{FAE04EC0-301F-11D3-BF4B-00C04F79EFBC}") = "GymSystem.PL", "GymSystem\GymSystem.PL.csproj", "{A05952D5-C18B-4E7B-8D99-B7DC972567C5}"
EndProject
Project("{FAE04EC0-301F-11D3-BF4B-00C04F79EFBC}") = "GymSystem.BLL", "GumSystem.BLL\GymSystem.BLL.csproj", "{4C8B057B-1287-4233-AFF9-9F241812D80D}"
EndProject
Project("{FAE04EC0-301F-11D3-BF4B-00C04F79EFBC}") = "GymSystem.DAL", "GymSystem.DAL\GymSystem.DAL.csproj", "{6F115C44-6D8B-445E-A6F3-F6C727C4E1D9}"
EndProject
Global
	GlobalSection(SolutionConfigurationPlatforms) = preSolution
		Debug|Any CPU = Debug|Any CPU
		Release|Any CPU = Release|Any CPU
	EndGlobalSection
	GlobalSection(ProjectConfigurationPlatforms) = postSolution
		{A05952D5-C18B-4E7B-8D99-B7DC972567C5}.Debug|Any CPU.ActiveCfg = Debug|Any CPU
		{A05952D5-C18B-4E7B-8D99-B7DC972567C5}.Debug|Any CPU.Build.0 = Debug|Any CPU
		{A05952D5-C18B-4E7B-8D99-B7DC972567C5}.Release|Any CPU.ActiveCfg = Release|Any CPU
		{A05952D5-C18B-4E7B-8D99-B7DC972567C5}.Release|Any CPU.Build.0 = Release|Any CPU
		{4C8B057B-1287-4233-AFF9-9F241812D80D}.Debug|Any CPU.ActiveCfg = Debug|Any CPU
		{4C8B057B-1287-4233-AFF9-9F241812D80D}.Debug|Any CPU.Build.0 = Debug|Any CPU
		{4C8B057B-1287-4233-AFF9-9F241812D80D}.Release|Any CPU.ActiveCfg = Release|Any CPU
		{4C8B057B-1287-4233-AFF9-9F241812D80D}.Release|Any CPU.Build.0 = Release|Any CPU
		{6F115C44-6D8B-445E-A6F3-F6C727C4E1D9}.Debug|Any CPU.ActiveCfg = Debug|Any CPU
		{6F115C44-6D8B-445E-A6F3-F6C727C4E1D9}.Debug|Any CPU.Build.0 = Debug|Any CPU
		{6F115C44-6D8B-445E-A6F3-F6C727C4E1D9}.Release|Any CPU.ActiveCfg = Release|Any CPU
		{6F115C44-6D8B-445E-A6F3-F6C727C4E1D9}.Release|Any CPU.Build.0 = Release|Any CPU
	EndGlobalSection
	GlobalSection(SolutionProperties) = preSolution
		HideSolutionNode = FALSE
	EndGlobalSection
	GlobalSection(ExtensibilityGlobals) = postSolution
		SolutionGuid = {9F05BEA6-D4A7-4AE9-997D-646B592AF661}
	EndGlobalSection
EndGlobal
